// !$*UTF8*$!
{
	archiveVersion = 1;
	classes = {
	};
	objectVersion = 46;
	objects = {

/* Begin PBXBuildFile section */
		1E2B931C1C2B3599003F00EA /* AppDelegate.swift in Sources */ = {isa = PBXBuildFile; fileRef = 1E2B931B1C2B3599003F00EA /* AppDelegate.swift */; };
		1E2B931E1C2B3599003F00EA /* ViewController.swift in Sources */ = {isa = PBXBuildFile; fileRef = 1E2B931D1C2B3599003F00EA /* ViewController.swift */; };
		1E2B93211C2B3599003F00EA /* Main.storyboard in Resources */ = {isa = PBXBuildFile; fileRef = 1E2B931F1C2B3599003F00EA /* Main.storyboard */; };
		1E2B93231C2B3599003F00EA /* Assets.xcassets in Resources */ = {isa = PBXBuildFile; fileRef = 1E2B93221C2B3599003F00EA /* Assets.xcassets */; };
		1E2B93261C2B3599003F00EA /* LaunchScreen.storyboard in Resources */ = {isa = PBXBuildFile; fileRef = 1E2B93241C2B3599003F00EA /* LaunchScreen.storyboard */; };
		1E2B932F1C2B3605003F00EA /* Post.swift in Sources */ = {isa = PBXBuildFile; fileRef = 1E2B932E1C2B3605003F00EA /* Post.swift */; };
		1E2B93321C2B43CA003F00EA /* PostCell.swift in Sources */ = {isa = PBXBuildFile; fileRef = 1E2B93311C2B43CA003F00EA /* PostCell.swift */; };
		1E2B93351C2B4E07003F00EA /* AddPostVC.swift in Sources */ = {isa = PBXBuildFile; fileRef = 1E2B93341C2B4E07003F00EA /* AddPostVC.swift */; };
/* End PBXBuildFile section */

/* Begin PBXFileReference section */
		1E2B93181C2B3599003F00EA /* myhood.app */ = {isa = PBXFileReference; explicitFileType = wrapper.application; includeInIndex = 0; path = myhood.app; sourceTree = BUILT_PRODUCTS_DIR; };
		1E2B931B1C2B3599003F00EA /* AppDelegate.swift */ = {isa = PBXFileReference; lastKnownFileType = sourcecode.swift; path = AppDelegate.swift; sourceTree = "<group>"; };
		1E2B931D1C2B3599003F00EA /* ViewController.swift */ = {isa = PBXFileReference; lastKnownFileType = sourcecode.swift; path = ViewController.swift; sourceTree = "<group>"; };
		1E2B93201C2B3599003F00EA /* Base */ = {isa = PBXFileReference; lastKnownFileType = file.storyboard; name = Base; path = Base.lproj/Main.storyboard; sourceTree = "<group>"; };
		1E2B93221C2B3599003F00EA /* Assets.xcassets */ = {isa = PBXFileReference; lastKnownFileType = folder.assetcatalog; path = Assets.xcassets; sourceTree = "<group>"; };
		1E2B93251C2B3599003F00EA /* Base */ = {isa = PBXFileReference; lastKnownFileType = file.storyboard; name = Base; path = Base.lproj/LaunchScreen.storyboard; sourceTree = "<group>"; };
		1E2B93271C2B3599003F00EA /* Info.plist */ = {isa = PBXFileReference; lastKnownFileType = text.plist.xml; path = Info.plist; sourceTree = "<group>"; };
		1E2B932E1C2B3605003F00EA /* Post.swift */ = {isa = PBXFileReference; fileEncoding = 4; lastKnownFileType = sourcecode.swift; path = Post.swift; sourceTree = "<group>"; };
		1E2B93311C2B43CA003F00EA /* PostCell.swift */ = {isa = PBXFileReference; fileEncoding = 4; lastKnownFileType = sourcecode.swift; path = PostCell.swift; sourceTree = "<group>"; };
		1E2B93341C2B4E07003F00EA /* AddPostVC.swift */ = {isa = PBXFileReference; fileEncoding = 4; lastKnownFileType = sourcecode.swift; path = AddPostVC.swift; sourceTree = "<group>"; };
/* End PBXFileReference section */

/* Begin PBXFrameworksBuildPhase section */
		1E2B93151C2B3599003F00EA /* Frameworks */ = {
			isa = PBXFrameworksBuildPhase;
			buildActionMask = 2147483647;
			files = (
			);
			runOnlyForDeploymentPostprocessing = 0;
		};
/* End PBXFrameworksBuildPhase section */

/* Begin PBXGroup section */
		1E2B930F1C2B3599003F00EA = {
			isa = PBXGroup;
			children = (
				1E2B931A1C2B3599003F00EA /* myhood */,
				1E2B93191C2B3599003F00EA /* Products */,
			);
			sourceTree = "<group>";
		};
		1E2B93191C2B3599003F00EA /* Products */ = {
			isa = PBXGroup;
			children = (
				1E2B93181C2B3599003F00EA /* myhood.app */,
			);
			name = Products;
			sourceTree = "<group>";
		};
		1E2B931A1C2B3599003F00EA /* myhood */ = {
			isa = PBXGroup;
			children = (
				1E2B932D1C2B35EA003F00EA /* Model */,
				1E2B93301C2B438B003F00EA /* View */,
				1E2B93331C2B4D62003F00EA /* Controller */,
				1E2B931B1C2B3599003F00EA /* AppDelegate.swift */,
				1E2B93221C2B3599003F00EA /* Assets.xcassets */,
				1E2B93271C2B3599003F00EA /* Info.plist */,
			);
			path = myhood;
			sourceTree = "<group>";
		};
		1E2B932D1C2B35EA003F00EA /* Model */ = {
			isa = PBXGroup;
			children = (
				1E2B932E1C2B3605003F00EA /* Post.swift */,
			);
			name = Model;
			sourceTree = "<group>";
		};
		1E2B93301C2B438B003F00EA /* View */ = {
			isa = PBXGroup;
			children = (
				1E2B93241C2B3599003F00EA /* LaunchScreen.storyboard */,
				1E2B931F1C2B3599003F00EA /* Main.storyboard */,
				1E2B93311C2B43CA003F00EA /* PostCell.swift */,
			);
			name = View;
			sourceTree = "<group>";
		};
		1E2B93331C2B4D62003F00EA /* Controller */ = {
			isa = PBXGroup;
			children = (
				1E2B931D1C2B3599003F00EA /* ViewController.swift */,
				1E2B93341C2B4E07003F00EA /* AddPostVC.swift */,
			);
			name = Controller;
			sourceTree = "<group>";
		};
/* End PBXGroup section */

/* Begin PBXNativeTarget section */
		1E2B93171C2B3599003F00EA /* myhood */ = {
			isa = PBXNativeTarget;
			buildConfigurationList = 1E2B932A1C2B3599003F00EA /* Build configuration list for PBXNativeTarget "myhood" */;
			buildPhases = (
				1E2B93141C2B3599003F00EA /* Sources */,
				1E2B93151C2B3599003F00EA /* Frameworks */,
				1E2B93161C2B3599003F00EA /* Resources */,
			);
			buildRules = (
			);
			dependencies = (
			);
			name = myhood;
			productName = myhood;
			productReference = 1E2B93181C2B3599003F00EA /* myhood.app */;
			productType = "com.apple.product-type.application";
		};
/* End PBXNativeTarget section */

/* Begin PBXProject section */
		1E2B93101C2B3599003F00EA /* Project object */ = {
			isa = PBXProject;
			attributes = {
				LastSwiftUpdateCheck = 0720;
				LastUpgradeCheck = 0720;
				ORGANIZATIONNAME = "Auggie Doggie iOSware";
				TargetAttributes = {
					1E2B93171C2B3599003F00EA = {
						CreatedOnToolsVersion = 7.2;
						DevelopmentTeam = T5G5TQQCM6;
					};
				};
			};
			buildConfigurationList = 1E2B93131C2B3599003F00EA /* Build configuration list for PBXProject "myhood" */;
			compatibilityVersion = "Xcode 3.2";
			developmentRegion = English;
			hasScannedForEncodings = 0;
			knownRegions = (
				en,
				Base,
			);
			mainGroup = 1E2B930F1C2B3599003F00EA;
			productRefGroup = 1E2B93191C2B3599003F00EA /* Products */;
			projectDirPath = "";
			projectRoot = "";
			targets = (
				1E2B93171C2B3599003F00EA /* myhood */,
			);
		};
/* End PBXProject section */

/* Begin PBXResourcesBuildPhase section */
		1E2B93161C2B3599003F00EA /* Resources */ = {
			isa = PBXResourcesBuildPhase;
			buildActionMask = 2147483647;
			files = (
				1E2B93261C2B3599003F00EA /* LaunchScreen.storyboard in Resources */,
				1E2B93231C2B3599003F00EA /* Assets.xcassets in Resources */,
				1E2B93211C2B3599003F00EA /* Main.storyboard in Resources */,
			);
			runOnlyForDeploymentPostprocessing = 0;
		};
/* End PBXResourcesBuildPhase section */

/* Begin PBXSourcesBuildPhase section */
		1E2B93141C2B3599003F00EA /* Sources */ = {
			isa = PBXSourcesBuildPhase;
			buildActionMask = 2147483647;
			files = (
				1E2B932F1C2B3605003F00EA /* Post.swift in Sources */,
				1E2B931E1C2B3599003F00EA /* ViewController.swift in Sources */,
				1E2B93351C2B4E07003F00EA /* AddPostVC.swift in Sources */,
				1E2B931C1C2B3599003F00EA /* AppDelegate.swift in Sources */,
				1E2B93321C2B43CA003F00EA /* PostCell.swift in Sources */,
			);
			runOnlyForDeploymentPostprocessing = 0;
		};
/* End PBXSourcesBuildPhase section */

/* Begin PBXVariantGroup section */
		1E2B931F1C2B3599003F00EA /* Main.storyboard */ = {
			isa = PBXVariantGroup;
			children = (
				1E2B93201C2B3599003F00EA /* Base */,
			);
			name = Main.storyboard;
			sourceTree = "<group>";
		};
		1E2B93241C2B3599003F00EA /* LaunchScreen.storyboard */ = {
			isa = PBXVariantGroup;
			children = (
				1E2B93251C2B3599003F00EA /* Base */,
			);
			name = LaunchScreen.storyboard;
			sourceTree = "<group>";
		};
/* End PBXVariantGroup section */

/* Begin XCBuildConfiguration section */
		1E2B93281C2B3599003F00EA /* Debug */ = {
			isa = XCBuildConfiguration;
			buildSettings = {
				ALWAYS_SEARCH_USER_PATHS = NO;
				CLANG_CXX_LANGUAGE_STANDARD = "gnu++0x";
				CLANG_CXX_LIBRARY = "libc++";
				CLANG_ENABLE_MODULES = YES;
				CLANG_ENABLE_OBJC_ARC = YES;
				CLANG_WARN_BOOL_CONVERSION = YES;
				CLANG_WARN_CONSTANT_CONVERSION = YES;
				CLANG_WARN_DIRECT_OBJC_ISA_USAGE = YES_ERROR;
				CLANG_WARN_EMPTY_BODY = YES;
				CLANG_WARN_ENUM_CONVERSION = YES;
				CLANG_WARN_INT_CONVERSION = YES;
				CLANG_WARN_OBJC_ROOT_CLASS = YES_ERROR;
				CLANG_WARN_UNREACHABLE_CODE = YES;
				CLANG_WARN__DUPLICATE_METHOD_MATCH = YES;
				"CODE_SIGN_IDENTITY[sdk=iphoneos*]" = "iPhone Developer";
				COPY_PHASE_STRIP = NO;
				DEBUG_INFORMATION_FORMAT = dwarf;
				ENABLE_STRICT_OBJC_MSGSEND = YES;
				ENABLE_TESTABILITY = YES;
				GCC_C_LANGUAGE_STANDARD = gnu99;
				GCC_DYNAMIC_NO_PIC = NO;
				GCC_NO_COMMON_BLOCKS = YES;
				GCC_OPTIMIZATION_LEVEL = 0;
				GCC_PREPROCESSOR_DEFINITIONS = (
					"DEBUG=1",
					"$(inherited)",
				);
				GCC_WARN_64_TO_32_BIT_CONVERSION = YES;
				GCC_WARN_ABOUT_RETURN_TYPE = YES_ERROR;
				GCC_WARN_UNDECLARED_SELECTOR = YES;
				GCC_WARN_UNINITIALIZED_AUTOS = YES_AGGRESSIVE;
				GCC_WARN_UNUSED_FUNCTION = YES;
				GCC_WARN_UNUSED_VARIABLE = YES;
				IPHONEOS_DEPLOYMENT_TARGET = 9.2;
				MTL_ENABLE_DEBUG_INFO = YES;
				ONLY_ACTIVE_ARCH = YES;
				SDKROOT = iphoneos;
				SWIFT_OPTIMIZATION_LEVEL = "-Onone";
			};
			name = Debug;
		};
		1E2B93291C2B3599003F00EA /* Release */ = {
			isa = XCBuildConfiguration;
			buildSettings = {
				ALWAYS_SEARCH_USER_PATHS = NO;
				CLANG_CXX_LANGUAGE_STANDARD = "gnu++0x";
				CLANG_CXX_LIBRARY = "libc++";
				CLANG_ENABLE_MODULES = YES;
				CLANG_ENABLE_OBJC_ARC = YES;
				CLANG_WARN_BOOL_CONVERSION = YES;
				CLANG_WARN_CONSTANT_CONVERSION = YES;
				CLANG_WARN_DIRECT_OBJC_ISA_USAGE = YES_ERROR;
				CLANG_WARN_EMPTY_BODY = YES;
				CLANG_WARN_ENUM_CONVERSION = YES;
				CLANG_WARN_INT_CONVERSION = YES;
				CLANG_WARN_OBJC_ROOT_CLASS = YES_ERROR;
				CLANG_WARN_UNREACHABLE_CODE = YES;
				CLANG_WARN__DUPLICATE_METHOD_MATCH = YES;
				"CODE_SIGN_IDENTITY[sdk=iphoneos*]" = "iPhone Developer";
				COPY_PHASE_STRIP = NO;
				DEBUG_INFORMATION_FORMAT = "dwarf-with-dsym";
				ENABLE_NS_ASSERTIONS = NO;
				ENABLE_STRICT_OBJC_MSGSEND = YES;
				GCC_C_LANGUAGE_STANDARD = gnu99;
				GCC_NO_COMMON_BLOCKS = YES;
				GCC_WARN_64_TO_32_BIT_CONVERSION = YES;
				GCC_WARN_ABOUT_RETURN_TYPE = YES_ERROR;
				GCC_WARN_UNDECLARED_SELECTOR = YES;
				GCC_WARN_UNINITIALIZED_AUTOS = YES_AGGRESSIVE;
				GCC_WARN_UNUSED_FUNCTION = YES;
				GCC_WARN_UNUSED_VARIABLE = YES;
				IPHONEOS_DEPLOYMENT_TARGET = 9.2;
				MTL_ENABLE_DEBUG_INFO = NO;
				SDKROOT = iphoneos;
				VALIDATE_PRODUCT = YES;
			};
			name = Release;
		};
		1E2B932B1C2B3599003F00EA /* Debug */ = {
			isa = XCBuildConfiguration;
			buildSettings = {
				ASSETCATALOG_COMPILER_APPICON_NAME = AppIcon;
				INFOPLIST_FILE = myhood/Info.plist;
				LD_RUNPATH_SEARCH_PATHS = "$(inherited) @executable_path/Frameworks";
				PRODUCT_BUNDLE_IDENTIFIER = com.christopheraugg.myhood;
				PRODUCT_NAME = "$(TARGET_NAME)";
			};
			name = Debug;
		};
		1E2B932C1C2B3599003F00EA /* Release */ = {
			isa = XCBuildConfiguration;
			buildSettings = {
				ASSETCATALOG_COMPILER_APPICON_NAME = AppIcon;
				INFOPLIST_FILE = myhood/Info.plist;
				LD_RUNPATH_SEARCH_PATHS = "$(inherited) @executable_path/Frameworks";
				PRODUCT_BUNDLE_IDENTIFIER = com.christopheraugg.myhood;
				PRODUCT_NAME = "$(TARGET_NAME)";
			};
			name = Release;
		};
/* End XCBuildConfiguration section */

/* Begin XCConfigurationList section */
		1E2B93131C2B3599003F00EA /* Build configuration list for PBXProject "myhood" */ = {
			isa = XCConfigurationList;
			buildConfigurations = (
				1E2B93281C2B3599003F00EA /* Debug */,
				1E2B93291C2B3599003F00EA /* Release */,
			);
			defaultConfigurationIsVisible = 0;
			defaultConfigurationName = Release;
		};
		1E2B932A1C2B3599003F00EA /* Build configuration list for PBXNativeTarget "myhood" */ = {
			isa = XCConfigurationList;
			buildConfigurations = (
				1E2B932B1C2B3599003F00EA /* Debug */,
				1E2B932C1C2B3599003F00EA /* Release */,
			);
			defaultConfigurationIsVisible = 0;
		};
/* End XCConfigurationList section */
	};
	rootObject = 1E2B93101C2B3599003F00EA /* Project object */;
}
